
Microsoft Visual Studio Solution File, Format Version 12.00
# Visual Studio 2013
VisualStudioVersion = 12.0.31101.0
MinimumVisualStudioVersion = 10.0.40219.1
Project("{FAE04EC0-301F-11D3-BF4B-00C04F79EFBC}") = "ForbiddenIslandMVCTwo", "ForbiddenIslandMVCTwo\ForbiddenIslandMVCTwo.csproj", "{8F327DDD-2E5D-42B7-8DE9-270B2FB5AB4C}"
EndProject
Project("{FAE04EC0-301F-11D3-BF4B-00C04F79EFBC}") = "ForbiddenIslandMVCTwo.Tests", "ForbiddenIslandMVCTwo.Tests\ForbiddenIslandMVCTwo.Tests.csproj", "{44035A4F-95FA-4B22-9529-68C4D0FD8E08}"
EndProject
Project("{FAE04EC0-301F-11D3-BF4B-00C04F79EFBC}") = "DependencyResolver", "DependencyResolver\DependencyResolver.csproj", "{EA7F4B65-7C17-4C23-8425-A86BC910363C}"
EndProject
Project("{FAE04EC0-301F-11D3-BF4B-00C04F79EFBC}") = "BaconTest", "BaconTest\BaconTest.csproj", "{81153139-AFB7-454D-B957-CC3835BC9AD2}"
EndProject
Project("{FAE04EC0-301F-11D3-BF4B-00C04F79EFBC}") = "NUnitTest", "NUnitTest\NUnitTest.csproj", "{83FC592B-D796-454E-8B7B-CB4F00485012}"
EndProject
Global
	GlobalSection(SolutionConfigurationPlatforms) = preSolution
		Debug|Any CPU = Debug|Any CPU
		Release|Any CPU = Release|Any CPU
	EndGlobalSection
	GlobalSection(ProjectConfigurationPlatforms) = postSolution
		{8F327DDD-2E5D-42B7-8DE9-270B2FB5AB4C}.Debug|Any CPU.ActiveCfg = Debug|Any CPU
		{8F327DDD-2E5D-42B7-8DE9-270B2FB5AB4C}.Debug|Any CPU.Build.0 = Debug|Any CPU
		{8F327DDD-2E5D-42B7-8DE9-270B2FB5AB4C}.Release|Any CPU.ActiveCfg = Release|Any CPU
		{8F327DDD-2E5D-42B7-8DE9-270B2FB5AB4C}.Release|Any CPU.Build.0 = Release|Any CPU
		{44035A4F-95FA-4B22-9529-68C4D0FD8E08}.Debug|Any CPU.ActiveCfg = Debug|Any CPU
		{44035A4F-95FA-4B22-9529-68C4D0FD8E08}.Debug|Any CPU.Build.0 = Debug|Any CPU
		{44035A4F-95FA-4B22-9529-68C4D0FD8E08}.Release|Any CPU.ActiveCfg = Release|Any CPU
		{44035A4F-95FA-4B22-9529-68C4D0FD8E08}.Release|Any CPU.Build.0 = Release|Any CPU
		{EA7F4B65-7C17-4C23-8425-A86BC910363C}.Debug|Any CPU.ActiveCfg = Debug|Any CPU
		{EA7F4B65-7C17-4C23-8425-A86BC910363C}.Debug|Any CPU.Build.0 = Debug|Any CPU
		{EA7F4B65-7C17-4C23-8425-A86BC910363C}.Release|Any CPU.ActiveCfg = Release|Any CPU
		{EA7F4B65-7C17-4C23-8425-A86BC910363C}.Release|Any CPU.Build.0 = Release|Any CPU
		{81153139-AFB7-454D-B957-CC3835BC9AD2}.Debug|Any CPU.ActiveCfg = Debug|Any CPU
		{81153139-AFB7-454D-B957-CC3835BC9AD2}.Debug|Any CPU.Build.0 = Debug|Any CPU
		{81153139-AFB7-454D-B957-CC3835BC9AD2}.Release|Any CPU.ActiveCfg = Release|Any CPU
		{81153139-AFB7-454D-B957-CC3835BC9AD2}.Release|Any CPU.Build.0 = Release|Any CPU
		{83FC592B-D796-454E-8B7B-CB4F00485012}.Debug|Any CPU.ActiveCfg = Debug|Any CPU
		{83FC592B-D796-454E-8B7B-CB4F00485012}.Debug|Any CPU.Build.0 = Debug|Any CPU
		{83FC592B-D796-454E-8B7B-CB4F00485012}.Release|Any CPU.ActiveCfg = Release|Any CPU
		{83FC592B-D796-454E-8B7B-CB4F00485012}.Release|Any CPU.Build.0 = Release|Any CPU
	EndGlobalSection
	GlobalSection(SolutionProperties) = preSolution
		HideSolutionNode = FALSE
	EndGlobalSection
EndGlobal
